<?xml version="1.0" encoding="utf-8"?>
<Project ToolsVersion="4.0" xmlns="http://schemas.microsoft.com/developer/msbuild/2003">
  <ItemGroup>
    <Filter Include="Source Files">
      <UniqueIdentifier>{4FC737F1-C7A5-4376-A066-2A32D752A2FF}</UniqueIdentifier>
      <Extensions>cpp;c;cc;cxx;def;odl;idl;hpj;bat;asm;asmx</Extensions>
    </Filter>
    <Filter Include="Header Files">
      <UniqueIdentifier>{93995380-89BD-4b04-88EB-625FBE52EBFB}</UniqueIdentifier>
      <Extensions>h;hpp;hxx;hm;inl;inc;xsd</Extensions>
    </Filter>
    <Filter Include="Resource Files">
      <UniqueIdentifier>{67DA6AB6-F800-4c08-8B7A-83BB121AAD01}</UniqueIdentifier>
      <Extensions>rc;ico;cur;bmp;dlg;rc2;rct;bin;rgs;gif;jpg;jpeg;jpe;resx;tiff;tif;png;wav</Extensions>
    </Filter>
    <Filter Include="Blocks">
      <UniqueIdentifier>{5F86C2E0-BDC9-423F-A86E-387AD1F4C08F}</UniqueIdentifier>
    </Filter>
    <Filter Include="Blocks\ciNanogui">
      <UniqueIdentifier>{026A5461-64F8-48A1-9818-1724F038E6EF}</UniqueIdentifier>
    </Filter>
    <Filter Include="Header Files\gui">
      <UniqueIdentifier>{53172f42-89c1-4d9e-afd8-fe62cee21b4f}</UniqueIdentifier>
    </Filter>
    <Filter Include="Source Files\gui">
      <UniqueIdentifier>{742c69ed-ebfb-45de-9056-9db8042545dc}</UniqueIdentifier>
    </Filter>
  </ItemGroup>
  <ItemGroup>
    <ClCompile Include="..\src\InteractivePaintApp.cpp">
      <Filter>Source Files</Filter>
    </ClCompile>
    <ClCompile Include="..\src\InteractivePaintApp.cpp">
      <Filter>Source Files</Filter>
    </ClCompile>
    <ClInclude Include="..\include\Resources.h">
      <Filter>Header Files</Filter>
    </ClInclude>
    <ClCompile Include="..\src\gui\MainView.cpp">
      <Filter>Source Files\gui</Filter>
    </ClCompile>
    <ClCompile Include="..\blocks\ciNanogui\ciNanoGui.cpp">
      <Filter>Blocks\ciNanogui</Filter>
    </ClCompile>
    <ClCompile Include="..\src\Util.cpp">
      <Filter>Source Files</Filter>
    </ClCompile>
    <ClCompile Include="..\src\Kinect.cpp">
      <Filter>Source Files</Filter>
    </ClCompile>
    <ClCompile Include="..\src\LeapMotion.cpp">
      <Filter>Source Files</Filter>
    </ClCompile>
    <ClCompile Include="..\src\RealSense.cpp">
      <Filter>Source Files</Filter>
    </ClCompile>
    <ClCompile Include="..\src\DrawQueue.cpp">
      <Filter>Source Files</Filter>
    </ClCompile>
  </ItemGroup>
  <ItemGroup>
    <ClInclude Include="..\include\Resources.h">
      <Filter>Header Files</Filter>
    </ClInclude>
    <ClInclude Include="..\include\InteractivePaint.h">
      <Filter>Header Files</Filter>
    </ClInclude>
    <ClInclude Include="..\include\gui\MainView.h">
      <Filter>Header Files\gui</Filter>
    </ClInclude>
    <ClInclude Include="..\blocks\ciNanogui\ciNanoGui.h">
      <Filter>Blocks\ciNanogui</Filter>
    </ClInclude>
    <ClInclude Include="..\include\Util.h">
      <Filter>Header Files</Filter>
    </ClInclude>
    <ClInclude Include="..\include\Kinect.h">
      <Filter>Header Files</Filter>
    </ClInclude>
    <ClInclude Include="..\include\LeapMotion.h">
      <Filter>Header Files</Filter>
    </ClInclude>
    <ClInclude Include="..\include\RealSense.h">
      <Filter>Header Files</Filter>
    </ClInclude>
    <ClInclude Include="..\include\DrawQueue.h">
      <Filter>Header Files</Filter>
    </ClInclude>
  </ItemGroup>
  <ItemGroup>
    <ResourceCompile Include="Resources.rc">
      <Filter>Resource Files</Filter>
    </ResourceCompile>
  </ItemGroup>
</Project>